// !$*UTF8*$!
{
	archiveVersion = 1;
	classes = {
	};
	objectVersion = 56;
	objects = {

/* Begin PBXBuildFile section */
		B84815072B029D7B009BC265 /* AppDelegate.swift in Sources */ = {isa = PBXBuildFile; fileRef = B84815062B029D7B009BC265 /* AppDelegate.swift */; };
		B84815092B029D7B009BC265 /* SceneDelegate.swift in Sources */ = {isa = PBXBuildFile; fileRef = B84815082B029D7B009BC265 /* SceneDelegate.swift */; };
		B848150B2B029D7B009BC265 /* ViewController.swift in Sources */ = {isa = PBXBuildFile; fileRef = B848150A2B029D7B009BC265 /* ViewController.swift */; };
		B848150E2B029D7B009BC265 /* Main.storyboard in Resources */ = {isa = PBXBuildFile; fileRef = B848150C2B029D7B009BC265 /* Main.storyboard */; };
		B84815102B029D7D009BC265 /* Assets.xcassets in Resources */ = {isa = PBXBuildFile; fileRef = B848150F2B029D7D009BC265 /* Assets.xcassets */; };
		B84815132B029D7D009BC265 /* LaunchScreen.storyboard in Resources */ = {isa = PBXBuildFile; fileRef = B84815112B029D7D009BC265 /* LaunchScreen.storyboard */; };
		B8E873572B031ECA0058E426 /* GoogleService-Info.plist in Resources */ = {isa = PBXBuildFile; fileRef = B8E873562B031ECA0058E426 /* GoogleService-Info.plist */; };
		B8E8735A2B031F2E0058E426 /* FirebaseAuth in Frameworks */ = {isa = PBXBuildFile; productRef = B8E873592B031F2E0058E426 /* FirebaseAuth */; };
		B8E8735C2B031F2E0058E426 /* FirebaseDatabase in Frameworks */ = {isa = PBXBuildFile; productRef = B8E8735B2B031F2E0058E426 /* FirebaseDatabase */; };
		B8E8735E2B031F2E0058E426 /* FirebaseFirestore in Frameworks */ = {isa = PBXBuildFile; productRef = B8E8735D2B031F2E0058E426 /* FirebaseFirestore */; };
		B8E873602B031F2E0058E426 /* FirebaseFirestoreSwift in Frameworks */ = {isa = PBXBuildFile; productRef = B8E8735F2B031F2E0058E426 /* FirebaseFirestoreSwift */; };
		B8E873622B031F2E0058E426 /* FirebaseMessaging in Frameworks */ = {isa = PBXBuildFile; productRef = B8E873612B031F2E0058E426 /* FirebaseMessaging */; };
		B8E873642B031F2E0058E426 /* FirebaseStorage in Frameworks */ = {isa = PBXBuildFile; productRef = B8E873632B031F2E0058E426 /* FirebaseStorage */; };
		B8E873662B031F670058E426 /* RightBarButtonManager.swift in Sources */ = {isa = PBXBuildFile; fileRef = B8E873652B031F670058E426 /* RightBarButtonManager.swift */; };
		B8E873682B031F7E0058E426 /* MessagesTableViewManager.swift in Sources */ = {isa = PBXBuildFile; fileRef = B8E873672B031F7E0058E426 /* MessagesTableViewManager.swift */; };
		B8E8736A2B031FAC0058E426 /* ContactTableViewCell.swift in Sources */ = {isa = PBXBuildFile; fileRef = B8E873692B031FAC0058E426 /* ContactTableViewCell.swift */; };
		B8E8736C2B031FC80058E426 /* MainScreenView.swift in Sources */ = {isa = PBXBuildFile; fileRef = B8E8736B2B031FC80058E426 /* MainScreenView.swift */; };
		B8E873722B0320570058E426 /* Message.swift in Sources */ = {isa = PBXBuildFile; fileRef = B8E873712B0320570058E426 /* Message.swift */; };
		B8E873742B03210E0058E426 /* RegisterFirebaseManager.swift in Sources */ = {isa = PBXBuildFile; fileRef = B8E873732B03210E0058E426 /* RegisterFirebaseManager.swift */; };
		B8E873782B03217B0058E426 /* RegisterProgressIndicatorManager.swift in Sources */ = {isa = PBXBuildFile; fileRef = B8E873772B03217B0058E426 /* RegisterProgressIndicatorManager.swift */; };
		B8E8737A2B0321A10058E426 /* RegisterView.swift in Sources */ = {isa = PBXBuildFile; fileRef = B8E873792B0321A10058E426 /* RegisterView.swift */; };
		B8E8737C2B0321EC0058E426 /* RegisterViewController.swift in Sources */ = {isa = PBXBuildFile; fileRef = B8E8737B2B0321EC0058E426 /* RegisterViewController.swift */; };
		B8E8737E2B0322100058E426 /* ProgressSpinnerViewController.swift in Sources */ = {isa = PBXBuildFile; fileRef = B8E8737D2B0322100058E426 /* ProgressSpinnerViewController.swift */; };
		B8E873802B0322230058E426 /* ProgressSpinnerDelegate.swift in Sources */ = {isa = PBXBuildFile; fileRef = B8E8737F2B0322230058E426 /* ProgressSpinnerDelegate.swift */; };
		B9AE922F2B05D77E00479A5B /* Contact.swift in Sources */ = {isa = PBXBuildFile; fileRef = B9AE922E2B05D77E00479A5B /* Contact.swift */; };
		B9AE92322B061E4600479A5B /* MessagesView.swift in Sources */ = {isa = PBXBuildFile; fileRef = B9AE92312B061E4600479A5B /* MessagesView.swift */; };
		B9AE92342B061E5A00479A5B /* MessagesViewController.swift in Sources */ = {isa = PBXBuildFile; fileRef = B9AE92332B061E5A00479A5B /* MessagesViewController.swift */; };
		B9AE923A2B073F2600479A5B /* MsgTableViewManager.swift in Sources */ = {isa = PBXBuildFile; fileRef = B9AE92392B073F2600479A5B /* MsgTableViewManager.swift */; };
		B9AE923C2B0746B900479A5B /* SelfMessagesTableViewCell.swift in Sources */ = {isa = PBXBuildFile; fileRef = B9AE923B2B0746B900479A5B /* SelfMessagesTableViewCell.swift */; };
		B9AE923E2B07470300479A5B /* FriendMessagesTableViewCell.swift in Sources */ = {isa = PBXBuildFile; fileRef = B9AE923D2B07470300479A5B /* FriendMessagesTableViewCell.swift */; };
		B9AE92402B0771C200479A5B /* Configs.swift in Sources */ = {isa = PBXBuildFile; fileRef = B9AE923F2B0771C200479A5B /* Configs.swift */; };
/* End PBXBuildFile section */

/* Begin PBXFileReference section */
		B84815032B029D7B009BC265 /* WA8_11.app */ = {isa = PBXFileReference; explicitFileType = wrapper.application; includeInIndex = 0; path = WA8_11.app; sourceTree = BUILT_PRODUCTS_DIR; };
		B84815062B029D7B009BC265 /* AppDelegate.swift */ = {isa = PBXFileReference; lastKnownFileType = sourcecode.swift; path = AppDelegate.swift; sourceTree = "<group>"; };
		B84815082B029D7B009BC265 /* SceneDelegate.swift */ = {isa = PBXFileReference; lastKnownFileType = sourcecode.swift; path = SceneDelegate.swift; sourceTree = "<group>"; };
		B848150A2B029D7B009BC265 /* ViewController.swift */ = {isa = PBXFileReference; lastKnownFileType = sourcecode.swift; path = ViewController.swift; sourceTree = "<group>"; };
		B848150D2B029D7B009BC265 /* Base */ = {isa = PBXFileReference; lastKnownFileType = file.storyboard; name = Base; path = Base.lproj/Main.storyboard; sourceTree = "<group>"; };
		B848150F2B029D7D009BC265 /* Assets.xcassets */ = {isa = PBXFileReference; lastKnownFileType = folder.assetcatalog; path = Assets.xcassets; sourceTree = "<group>"; };
		B84815122B029D7D009BC265 /* Base */ = {isa = PBXFileReference; lastKnownFileType = file.storyboard; name = Base; path = Base.lproj/LaunchScreen.storyboard; sourceTree = "<group>"; };
		B84815142B029D7D009BC265 /* Info.plist */ = {isa = PBXFileReference; lastKnownFileType = text.plist.xml; path = Info.plist; sourceTree = "<group>"; };
		B8E873562B031ECA0058E426 /* GoogleService-Info.plist */ = {isa = PBXFileReference; fileEncoding = 4; lastKnownFileType = text.plist.xml; path = "GoogleService-Info.plist"; sourceTree = "<group>"; };
		B8E873652B031F670058E426 /* RightBarButtonManager.swift */ = {isa = PBXFileReference; lastKnownFileType = sourcecode.swift; path = RightBarButtonManager.swift; sourceTree = "<group>"; };
		B8E873672B031F7E0058E426 /* MessagesTableViewManager.swift */ = {isa = PBXFileReference; lastKnownFileType = sourcecode.swift; path = MessagesTableViewManager.swift; sourceTree = "<group>"; };
		B8E873692B031FAC0058E426 /* ContactTableViewCell.swift */ = {isa = PBXFileReference; lastKnownFileType = sourcecode.swift; path = ContactTableViewCell.swift; sourceTree = "<group>"; };
		B8E8736B2B031FC80058E426 /* MainScreenView.swift */ = {isa = PBXFileReference; lastKnownFileType = sourcecode.swift; path = MainScreenView.swift; sourceTree = "<group>"; };
		B8E873712B0320570058E426 /* Message.swift */ = {isa = PBXFileReference; lastKnownFileType = sourcecode.swift; path = Message.swift; sourceTree = "<group>"; };
		B8E873732B03210E0058E426 /* RegisterFirebaseManager.swift */ = {isa = PBXFileReference; lastKnownFileType = sourcecode.swift; path = RegisterFirebaseManager.swift; sourceTree = "<group>"; };
		B8E873772B03217B0058E426 /* RegisterProgressIndicatorManager.swift */ = {isa = PBXFileReference; lastKnownFileType = sourcecode.swift; path = RegisterProgressIndicatorManager.swift; sourceTree = "<group>"; };
		B8E873792B0321A10058E426 /* RegisterView.swift */ = {isa = PBXFileReference; lastKnownFileType = sourcecode.swift; path = RegisterView.swift; sourceTree = "<group>"; };
		B8E8737B2B0321EC0058E426 /* RegisterViewController.swift */ = {isa = PBXFileReference; lastKnownFileType = sourcecode.swift; path = RegisterViewController.swift; sourceTree = "<group>"; };
		B8E8737D2B0322100058E426 /* ProgressSpinnerViewController.swift */ = {isa = PBXFileReference; lastKnownFileType = sourcecode.swift; path = ProgressSpinnerViewController.swift; sourceTree = "<group>"; };
		B8E8737F2B0322230058E426 /* ProgressSpinnerDelegate.swift */ = {isa = PBXFileReference; lastKnownFileType = sourcecode.swift; path = ProgressSpinnerDelegate.swift; sourceTree = "<group>"; };
		B9AE922E2B05D77E00479A5B /* Contact.swift */ = {isa = PBXFileReference; lastKnownFileType = sourcecode.swift; path = Contact.swift; sourceTree = "<group>"; };
		B9AE92312B061E4600479A5B /* MessagesView.swift */ = {isa = PBXFileReference; lastKnownFileType = sourcecode.swift; path = MessagesView.swift; sourceTree = "<group>"; };
		B9AE92332B061E5A00479A5B /* MessagesViewController.swift */ = {isa = PBXFileReference; lastKnownFileType = sourcecode.swift; path = MessagesViewController.swift; sourceTree = "<group>"; };
		B9AE92392B073F2600479A5B /* MsgTableViewManager.swift */ = {isa = PBXFileReference; lastKnownFileType = sourcecode.swift; path = MsgTableViewManager.swift; sourceTree = "<group>"; };
		B9AE923B2B0746B900479A5B /* SelfMessagesTableViewCell.swift */ = {isa = PBXFileReference; lastKnownFileType = sourcecode.swift; path = SelfMessagesTableViewCell.swift; sourceTree = "<group>"; };
		B9AE923D2B07470300479A5B /* FriendMessagesTableViewCell.swift */ = {isa = PBXFileReference; lastKnownFileType = sourcecode.swift; path = FriendMessagesTableViewCell.swift; sourceTree = "<group>"; };
		B9AE923F2B0771C200479A5B /* Configs.swift */ = {isa = PBXFileReference; lastKnownFileType = sourcecode.swift; path = Configs.swift; sourceTree = "<group>"; };
/* End PBXFileReference section */

/* Begin PBXFrameworksBuildPhase section */
		B84815002B029D7B009BC265 /* Frameworks */ = {
			isa = PBXFrameworksBuildPhase;
			buildActionMask = 2147483647;
			files = (
				B8E8735C2B031F2E0058E426 /* FirebaseDatabase in Frameworks */,
				B8E8735A2B031F2E0058E426 /* FirebaseAuth in Frameworks */,
				B8E873622B031F2E0058E426 /* FirebaseMessaging in Frameworks */,
				B8E8735E2B031F2E0058E426 /* FirebaseFirestore in Frameworks */,
				B8E873602B031F2E0058E426 /* FirebaseFirestoreSwift in Frameworks */,
				B8E873642B031F2E0058E426 /* FirebaseStorage in Frameworks */,
			);
			runOnlyForDeploymentPostprocessing = 0;
		};
/* End PBXFrameworksBuildPhase section */

/* Begin PBXGroup section */
		75D7F8292B06B9B000B44B12 /* view */ = {
			isa = PBXGroup;
			children = (
				B8E8736B2B031FC80058E426 /* MainScreenView.swift */,
				B8E873692B031FAC0058E426 /* ContactTableViewCell.swift */,
			);
			path = view;
			sourceTree = "<group>";
		};
		B84814FA2B029D7B009BC265 = {
			isa = PBXGroup;
			children = (
				B84815052B029D7B009BC265 /* WA8_11 */,
				B84815042B029D7B009BC265 /* Products */,
			);
			sourceTree = "<group>";
		};
		B84815042B029D7B009BC265 /* Products */ = {
			isa = PBXGroup;
			children = (
				B84815032B029D7B009BC265 /* WA8_11.app */,
			);
			name = Products;
			sourceTree = "<group>";
		};
		B84815052B029D7B009BC265 /* WA8_11 */ = {
			isa = PBXGroup;
			children = (
				B8E873712B0320570058E426 /* Message.swift */,
				B9AE922E2B05D77E00479A5B /* Contact.swift */,
				B9AE923F2B0771C200479A5B /* Configs.swift */,
				B9AE92302B061E1900479A5B /* Messages Screen */,
				B8E8736E2B03200B0058E426 /* Process Indicator */,
				B8E8736D2B031FFD0058E426 /* Register Screen */,
				B8E873552B031D1E0058E426 /* Main Screen */,
				B84815062B029D7B009BC265 /* AppDelegate.swift */,
				B84815082B029D7B009BC265 /* SceneDelegate.swift */,
				B848150C2B029D7B009BC265 /* Main.storyboard */,
				B848150F2B029D7D009BC265 /* Assets.xcassets */,
				B84815112B029D7D009BC265 /* LaunchScreen.storyboard */,
				B84815142B029D7D009BC265 /* Info.plist */,
				B8E873562B031ECA0058E426 /* GoogleService-Info.plist */,
			);
			path = WA8_11;
			sourceTree = "<group>";
		};
		B8E873552B031D1E0058E426 /* Main Screen */ = {
			isa = PBXGroup;
			children = (
				75D7F8292B06B9B000B44B12 /* view */,
				B848150A2B029D7B009BC265 /* ViewController.swift */,
				B8E873672B031F7E0058E426 /* MessagesTableViewManager.swift */,
				B8E873652B031F670058E426 /* RightBarButtonManager.swift */,
			);
			path = "Main Screen";
			sourceTree = "<group>";
		};
		B8E8736D2B031FFD0058E426 /* Register Screen */ = {
			isa = PBXGroup;
			children = (
				B8E873792B0321A10058E426 /* RegisterView.swift */,
				B8E8737B2B0321EC0058E426 /* RegisterViewController.swift */,
				B8E873732B03210E0058E426 /* RegisterFirebaseManager.swift */,
				B8E873772B03217B0058E426 /* RegisterProgressIndicatorManager.swift */,
			);
			path = "Register Screen";
			sourceTree = "<group>";
		};
		B8E8736E2B03200B0058E426 /* Process Indicator */ = {
			isa = PBXGroup;
			children = (
				B8E8737D2B0322100058E426 /* ProgressSpinnerViewController.swift */,
				B8E8737F2B0322230058E426 /* ProgressSpinnerDelegate.swift */,
			);
			path = "Process Indicator";
			sourceTree = "<group>";
		};
		B9AE92302B061E1900479A5B /* Messages Screen */ = {
			isa = PBXGroup;
			children = (
				B9AE92312B061E4600479A5B /* MessagesView.swift */,
				B9AE92392B073F2600479A5B /* MsgTableViewManager.swift */,
				B9AE92332B061E5A00479A5B /* MessagesViewController.swift */,
				B9AE923B2B0746B900479A5B /* SelfMessagesTableViewCell.swift */,
				B9AE923D2B07470300479A5B /* FriendMessagesTableViewCell.swift */,
			);
			path = "Messages Screen";
			sourceTree = "<group>";
		};
/* End PBXGroup section */

/* Begin PBXNativeTarget section */
		B84815022B029D7B009BC265 /* WA8_11 */ = {
			isa = PBXNativeTarget;
			buildConfigurationList = B84815172B029D7D009BC265 /* Build configuration list for PBXNativeTarget "WA8_11" */;
			buildPhases = (
				B84814FF2B029D7B009BC265 /* Sources */,
				B84815002B029D7B009BC265 /* Frameworks */,
				B84815012B029D7B009BC265 /* Resources */,
			);
			buildRules = (
			);
			dependencies = (
			);
			name = WA8_11;
			packageProductDependencies = (
				B8E873592B031F2E0058E426 /* FirebaseAuth */,
				B8E8735B2B031F2E0058E426 /* FirebaseDatabase */,
				B8E8735D2B031F2E0058E426 /* FirebaseFirestore */,
				B8E8735F2B031F2E0058E426 /* FirebaseFirestoreSwift */,
				B8E873612B031F2E0058E426 /* FirebaseMessaging */,
				B8E873632B031F2E0058E426 /* FirebaseStorage */,
			);
			productName = WA8_11;
			productReference = B84815032B029D7B009BC265 /* WA8_11.app */;
			productType = "com.apple.product-type.application";
		};
/* End PBXNativeTarget section */

/* Begin PBXProject section */
		B84814FB2B029D7B009BC265 /* Project object */ = {
			isa = PBXProject;
			attributes = {
				BuildIndependentTargetsInParallel = 1;
				LastSwiftUpdateCheck = 1500;
				LastUpgradeCheck = 1500;
				TargetAttributes = {
					B84815022B029D7B009BC265 = {
						CreatedOnToolsVersion = 15.0.1;
					};
				};
			};
			buildConfigurationList = B84814FE2B029D7B009BC265 /* Build configuration list for PBXProject "WA8_11" */;
			compatibilityVersion = "Xcode 14.0";
			developmentRegion = en;
			hasScannedForEncodings = 0;
			knownRegions = (
				en,
				Base,
			);
			mainGroup = B84814FA2B029D7B009BC265;
			packageReferences = (
				B8E873582B031F2E0058E426 /* XCRemoteSwiftPackageReference "firebase-ios-sdk" */,
			);
			productRefGroup = B84815042B029D7B009BC265 /* Products */;
			projectDirPath = "";
			projectRoot = "";
			targets = (
				B84815022B029D7B009BC265 /* WA8_11 */,
			);
		};
/* End PBXProject section */

/* Begin PBXResourcesBuildPhase section */
		B84815012B029D7B009BC265 /* Resources */ = {
			isa = PBXResourcesBuildPhase;
			buildActionMask = 2147483647;
			files = (
				B84815132B029D7D009BC265 /* LaunchScreen.storyboard in Resources */,
				B8E873572B031ECA0058E426 /* GoogleService-Info.plist in Resources */,
				B84815102B029D7D009BC265 /* Assets.xcassets in Resources */,
				B848150E2B029D7B009BC265 /* Main.storyboard in Resources */,
			);
			runOnlyForDeploymentPostprocessing = 0;
		};
/* End PBXResourcesBuildPhase section */

/* Begin PBXSourcesBuildPhase section */
		B84814FF2B029D7B009BC265 /* Sources */ = {
			isa = PBXSourcesBuildPhase;
			buildActionMask = 2147483647;
			files = (
				B8E873662B031F670058E426 /* RightBarButtonManager.swift in Sources */,
				B8E8736A2B031FAC0058E426 /* ContactTableViewCell.swift in Sources */,
				B8E8736C2B031FC80058E426 /* MainScreenView.swift in Sources */,
				B9AE92322B061E4600479A5B /* MessagesView.swift in Sources */,
				B8E873782B03217B0058E426 /* RegisterProgressIndicatorManager.swift in Sources */,
				B8E873722B0320570058E426 /* Message.swift in Sources */,
				B8E8737E2B0322100058E426 /* ProgressSpinnerViewController.swift in Sources */,
				B8E873682B031F7E0058E426 /* MessagesTableViewManager.swift in Sources */,
				B9AE923E2B07470300479A5B /* FriendMessagesTableViewCell.swift in Sources */,
				B848150B2B029D7B009BC265 /* ViewController.swift in Sources */,
				B9AE923A2B073F2600479A5B /* MsgTableViewManager.swift in Sources */,
				B9AE92342B061E5A00479A5B /* MessagesViewController.swift in Sources */,
				B84815072B029D7B009BC265 /* AppDelegate.swift in Sources */,
				B8E873802B0322230058E426 /* ProgressSpinnerDelegate.swift in Sources */,
				B8E8737A2B0321A10058E426 /* RegisterView.swift in Sources */,
				B9AE922F2B05D77E00479A5B /* Contact.swift in Sources */,
				B9AE923C2B0746B900479A5B /* SelfMessagesTableViewCell.swift in Sources */,
				B8E8737C2B0321EC0058E426 /* RegisterViewController.swift in Sources */,
				B84815092B029D7B009BC265 /* SceneDelegate.swift in Sources */,
				B8E873742B03210E0058E426 /* RegisterFirebaseManager.swift in Sources */,
				B9AE92402B0771C200479A5B /* Configs.swift in Sources */,
			);
			runOnlyForDeploymentPostprocessing = 0;
		};
/* End PBXSourcesBuildPhase section */

/* Begin PBXVariantGroup section */
		B848150C2B029D7B009BC265 /* Main.storyboard */ = {
			isa = PBXVariantGroup;
			children = (
				B848150D2B029D7B009BC265 /* Base */,
			);
			name = Main.storyboard;
			sourceTree = "<group>";
		};
		B84815112B029D7D009BC265 /* LaunchScreen.storyboard */ = {
			isa = PBXVariantGroup;
			children = (
				B84815122B029D7D009BC265 /* Base */,
			);
			name = LaunchScreen.storyboard;
			sourceTree = "<group>";
		};
/* End PBXVariantGroup section */

/* Begin XCBuildConfiguration section */
		B84815152B029D7D009BC265 /* Debug */ = {
			isa = XCBuildConfiguration;
			buildSettings = {
				ALWAYS_SEARCH_USER_PATHS = NO;
				ASSETCATALOG_COMPILER_GENERATE_SWIFT_ASSET_SYMBOL_EXTENSIONS = YES;
				CLANG_ANALYZER_NONNULL = YES;
				CLANG_ANALYZER_NUMBER_OBJECT_CONVERSION = YES_AGGRESSIVE;
				CLANG_CXX_LANGUAGE_STANDARD = "gnu++20";
				CLANG_ENABLE_MODULES = YES;
				CLANG_ENABLE_OBJC_ARC = YES;
				CLANG_ENABLE_OBJC_WEAK = YES;
				CLANG_WARN_BLOCK_CAPTURE_AUTORELEASING = YES;
				CLANG_WARN_BOOL_CONVERSION = YES;
				CLANG_WARN_COMMA = YES;
				CLANG_WARN_CONSTANT_CONVERSION = YES;
				CLANG_WARN_DEPRECATED_OBJC_IMPLEMENTATIONS = YES;
				CLANG_WARN_DIRECT_OBJC_ISA_USAGE = YES_ERROR;
				CLANG_WARN_DOCUMENTATION_COMMENTS = YES;
				CLANG_WARN_EMPTY_BODY = YES;
				CLANG_WARN_ENUM_CONVERSION = YES;
				CLANG_WARN_INFINITE_RECURSION = YES;
				CLANG_WARN_INT_CONVERSION = YES;
				CLANG_WARN_NON_LITERAL_NULL_CONVERSION = YES;
				CLANG_WARN_OBJC_IMPLICIT_RETAIN_SELF = YES;
				CLANG_WARN_OBJC_LITERAL_CONVERSION = YES;
				CLANG_WARN_OBJC_ROOT_CLASS = YES_ERROR;
				CLANG_WARN_QUOTED_INCLUDE_IN_FRAMEWORK_HEADER = YES;
				CLANG_WARN_RANGE_LOOP_ANALYSIS = YES;
				CLANG_WARN_STRICT_PROTOTYPES = YES;
				CLANG_WARN_SUSPICIOUS_MOVE = YES;
				CLANG_WARN_UNGUARDED_AVAILABILITY = YES_AGGRESSIVE;
				CLANG_WARN_UNREACHABLE_CODE = YES;
				CLANG_WARN__DUPLICATE_METHOD_MATCH = YES;
				COPY_PHASE_STRIP = NO;
				DEBUG_INFORMATION_FORMAT = dwarf;
				ENABLE_STRICT_OBJC_MSGSEND = YES;
				ENABLE_TESTABILITY = YES;
				ENABLE_USER_SCRIPT_SANDBOXING = YES;
				GCC_C_LANGUAGE_STANDARD = gnu17;
				GCC_DYNAMIC_NO_PIC = NO;
				GCC_NO_COMMON_BLOCKS = YES;
				GCC_OPTIMIZATION_LEVEL = 0;
				GCC_PREPROCESSOR_DEFINITIONS = (
					"DEBUG=1",
					"$(inherited)",
				);
				GCC_WARN_64_TO_32_BIT_CONVERSION = YES;
				GCC_WARN_ABOUT_RETURN_TYPE = YES_ERROR;
				GCC_WARN_UNDECLARED_SELECTOR = YES;
				GCC_WARN_UNINITIALIZED_AUTOS = YES_AGGRESSIVE;
				GCC_WARN_UNUSED_FUNCTION = YES;
				GCC_WARN_UNUSED_VARIABLE = YES;
				IPHONEOS_DEPLOYMENT_TARGET = 17.0;
				LOCALIZATION_PREFERS_STRING_CATALOGS = YES;
				MTL_ENABLE_DEBUG_INFO = INCLUDE_SOURCE;
				MTL_FAST_MATH = YES;
				ONLY_ACTIVE_ARCH = YES;
				SDKROOT = iphoneos;
				SWIFT_ACTIVE_COMPILATION_CONDITIONS = "DEBUG $(inherited)";
				SWIFT_OPTIMIZATION_LEVEL = "-Onone";
			};
			name = Debug;
		};
		B84815162B029D7D009BC265 /* Release */ = {
			isa = XCBuildConfiguration;
			buildSettings = {
				ALWAYS_SEARCH_USER_PATHS = NO;
				ASSETCATALOG_COMPILER_GENERATE_SWIFT_ASSET_SYMBOL_EXTENSIONS = YES;
				CLANG_ANALYZER_NONNULL = YES;
				CLANG_ANALYZER_NUMBER_OBJECT_CONVERSION = YES_AGGRESSIVE;
				CLANG_CXX_LANGUAGE_STANDARD = "gnu++20";
				CLANG_ENABLE_MODULES = YES;
				CLANG_ENABLE_OBJC_ARC = YES;
				CLANG_ENABLE_OBJC_WEAK = YES;
				CLANG_WARN_BLOCK_CAPTURE_AUTORELEASING = YES;
				CLANG_WARN_BOOL_CONVERSION = YES;
				CLANG_WARN_COMMA = YES;
				CLANG_WARN_CONSTANT_CONVERSION = YES;
				CLANG_WARN_DEPRECATED_OBJC_IMPLEMENTATIONS = YES;
				CLANG_WARN_DIRECT_OBJC_ISA_USAGE = YES_ERROR;
				CLANG_WARN_DOCUMENTATION_COMMENTS = YES;
				CLANG_WARN_EMPTY_BODY = YES;
				CLANG_WARN_ENUM_CONVERSION = YES;
				CLANG_WARN_INFINITE_RECURSION = YES;
				CLANG_WARN_INT_CONVERSION = YES;
				CLANG_WARN_NON_LITERAL_NULL_CONVERSION = YES;
				CLANG_WARN_OBJC_IMPLICIT_RETAIN_SELF = YES;
				CLANG_WARN_OBJC_LITERAL_CONVERSION = YES;
				CLANG_WARN_OBJC_ROOT_CLASS = YES_ERROR;
				CLANG_WARN_QUOTED_INCLUDE_IN_FRAMEWORK_HEADER = YES;
				CLANG_WARN_RANGE_LOOP_ANALYSIS = YES;
				CLANG_WARN_STRICT_PROTOTYPES = YES;
				CLANG_WARN_SUSPICIOUS_MOVE = YES;
				CLANG_WARN_UNGUARDED_AVAILABILITY = YES_AGGRESSIVE;
				CLANG_WARN_UNREACHABLE_CODE = YES;
				CLANG_WARN__DUPLICATE_METHOD_MATCH = YES;
				COPY_PHASE_STRIP = NO;
				DEBUG_INFORMATION_FORMAT = "dwarf-with-dsym";
				ENABLE_NS_ASSERTIONS = NO;
				ENABLE_STRICT_OBJC_MSGSEND = YES;
				ENABLE_USER_SCRIPT_SANDBOXING = YES;
				GCC_C_LANGUAGE_STANDARD = gnu17;
				GCC_NO_COMMON_BLOCKS = YES;
				GCC_WARN_64_TO_32_BIT_CONVERSION = YES;
				GCC_WARN_ABOUT_RETURN_TYPE = YES_ERROR;
				GCC_WARN_UNDECLARED_SELECTOR = YES;
				GCC_WARN_UNINITIALIZED_AUTOS = YES_AGGRESSIVE;
				GCC_WARN_UNUSED_FUNCTION = YES;
				GCC_WARN_UNUSED_VARIABLE = YES;
				IPHONEOS_DEPLOYMENT_TARGET = 17.0;
				LOCALIZATION_PREFERS_STRING_CATALOGS = YES;
				MTL_ENABLE_DEBUG_INFO = NO;
				MTL_FAST_MATH = YES;
				SDKROOT = iphoneos;
				SWIFT_COMPILATION_MODE = wholemodule;
				VALIDATE_PRODUCT = YES;
			};
			name = Release;
		};
		B84815182B029D7D009BC265 /* Debug */ = {
			isa = XCBuildConfiguration;
			buildSettings = {
				ASSETCATALOG_COMPILER_APPICON_NAME = AppIcon;
				ASSETCATALOG_COMPILER_GLOBAL_ACCENT_COLOR_NAME = AccentColor;
				CODE_SIGN_STYLE = Automatic;
				CURRENT_PROJECT_VERSION = 1;
				DEVELOPMENT_TEAM = KC3LX5Z7XL;
				GENERATE_INFOPLIST_FILE = YES;
				INFOPLIST_FILE = WA8_11/Info.plist;
				INFOPLIST_KEY_UIApplicationSupportsIndirectInputEvents = YES;
				INFOPLIST_KEY_UILaunchStoryboardName = LaunchScreen;
				INFOPLIST_KEY_UIMainStoryboardFile = Main;
				INFOPLIST_KEY_UISupportedInterfaceOrientations_iPad = "UIInterfaceOrientationPortrait UIInterfaceOrientationPortraitUpsideDown UIInterfaceOrientationLandscapeLeft UIInterfaceOrientationLandscapeRight";
				INFOPLIST_KEY_UISupportedInterfaceOrientations_iPhone = "UIInterfaceOrientationPortrait UIInterfaceOrientationLandscapeLeft UIInterfaceOrientationLandscapeRight";
				IPHONEOS_DEPLOYMENT_TARGET = 16.0;
				LD_RUNPATH_SEARCH_PATHS = (
					"$(inherited)",
					"@executable_path/Frameworks",
				);
				MARKETING_VERSION = 1.0;
				PRODUCT_BUNDLE_IDENTIFIER = "com.nuios.WA8-11";
				PRODUCT_NAME = "$(TARGET_NAME)";
				SWIFT_EMIT_LOC_STRINGS = YES;
				SWIFT_VERSION = 5.0;
				TARGETED_DEVICE_FAMILY = "1,2";
			};
			name = Debug;
		};
		B84815192B029D7D009BC265 /* Release */ = {
			isa = XCBuildConfiguration;
			buildSettings = {
				ASSETCATALOG_COMPILER_APPICON_NAME = AppIcon;
				ASSETCATALOG_COMPILER_GLOBAL_ACCENT_COLOR_NAME = AccentColor;
				CODE_SIGN_STYLE = Automatic;
				CURRENT_PROJECT_VERSION = 1;
				DEVELOPMENT_TEAM = KC3LX5Z7XL;
				GENERATE_INFOPLIST_FILE = YES;
				INFOPLIST_FILE = WA8_11/Info.plist;
				INFOPLIST_KEY_UIApplicationSupportsIndirectInputEvents = YES;
				INFOPLIST_KEY_UILaunchStoryboardName = LaunchScreen;
				INFOPLIST_KEY_UIMainStoryboardFile = Main;
				INFOPLIST_KEY_UISupportedInterfaceOrientations_iPad = "UIInterfaceOrientationPortrait UIInterfaceOrientationPortraitUpsideDown UIInterfaceOrientationLandscapeLeft UIInterfaceOrientationLandscapeRight";
				INFOPLIST_KEY_UISupportedInterfaceOrientations_iPhone = "UIInterfaceOrientationPortrait UIInterfaceOrientationLandscapeLeft UIInterfaceOrientationLandscapeRight";
				IPHONEOS_DEPLOYMENT_TARGET = 16.0;
				LD_RUNPATH_SEARCH_PATHS = (
					"$(inherited)",
					"@executable_path/Frameworks",
				);
				MARKETING_VERSION = 1.0;
				PRODUCT_BUNDLE_IDENTIFIER = "com.nuios.WA8-11";
				PRODUCT_NAME = "$(TARGET_NAME)";
				SWIFT_EMIT_LOC_STRINGS = YES;
				SWIFT_VERSION = 5.0;
				TARGETED_DEVICE_FAMILY = "1,2";
			};
			name = Release;
		};
/* End XCBuildConfiguration section */

/* Begin XCConfigurationList section */
		B84814FE2B029D7B009BC265 /* Build configuration list for PBXProject "WA8_11" */ = {
			isa = XCConfigurationList;
			buildConfigurations = (
				B84815152B029D7D009BC265 /* Debug */,
				B84815162B029D7D009BC265 /* Release */,
			);
			defaultConfigurationIsVisible = 0;
			defaultConfigurationName = Release;
		};
		B84815172B029D7D009BC265 /* Build configuration list for PBXNativeTarget "WA8_11" */ = {
			isa = XCConfigurationList;
			buildConfigurations = (
				B84815182B029D7D009BC265 /* Debug */,
				B84815192B029D7D009BC265 /* Release */,
			);
			defaultConfigurationIsVisible = 0;
			defaultConfigurationName = Release;
		};
/* End XCConfigurationList section */

/* Begin XCRemoteSwiftPackageReference section */
		B8E873582B031F2E0058E426 /* XCRemoteSwiftPackageReference "firebase-ios-sdk" */ = {
			isa = XCRemoteSwiftPackageReference;
			repositoryURL = "https://github.com/firebase/firebase-ios-sdk";
			requirement = {
				kind = upToNextMajorVersion;
				minimumVersion = 10.17.0;
			};
		};
/* End XCRemoteSwiftPackageReference section */

/* Begin XCSwiftPackageProductDependency section */
		B8E873592B031F2E0058E426 /* FirebaseAuth */ = {
			isa = XCSwiftPackageProductDependency;
			package = B8E873582B031F2E0058E426 /* XCRemoteSwiftPackageReference "firebase-ios-sdk" */;
			productName = FirebaseAuth;
		};
		B8E8735B2B031F2E0058E426 /* FirebaseDatabase */ = {
			isa = XCSwiftPackageProductDependency;
			package = B8E873582B031F2E0058E426 /* XCRemoteSwiftPackageReference "firebase-ios-sdk" */;
			productName = FirebaseDatabase;
		};
		B8E8735D2B031F2E0058E426 /* FirebaseFirestore */ = {
			isa = XCSwiftPackageProductDependency;
			package = B8E873582B031F2E0058E426 /* XCRemoteSwiftPackageReference "firebase-ios-sdk" */;
			productName = FirebaseFirestore;
		};
		B8E8735F2B031F2E0058E426 /* FirebaseFirestoreSwift */ = {
			isa = XCSwiftPackageProductDependency;
			package = B8E873582B031F2E0058E426 /* XCRemoteSwiftPackageReference "firebase-ios-sdk" */;
			productName = FirebaseFirestoreSwift;
		};
		B8E873612B031F2E0058E426 /* FirebaseMessaging */ = {
			isa = XCSwiftPackageProductDependency;
			package = B8E873582B031F2E0058E426 /* XCRemoteSwiftPackageReference "firebase-ios-sdk" */;
			productName = FirebaseMessaging;
		};
		B8E873632B031F2E0058E426 /* FirebaseStorage */ = {
			isa = XCSwiftPackageProductDependency;
			package = B8E873582B031F2E0058E426 /* XCRemoteSwiftPackageReference "firebase-ios-sdk" */;
			productName = FirebaseStorage;
		};
/* End XCSwiftPackageProductDependency section */
	};
	rootObject = B84814FB2B029D7B009BC265 /* Project object */;
}
